
Microsoft Visual Studio Solution File, Format Version 12.00
# Visual Studio Version 16
VisualStudioVersion = 16.0.30517.126
MinimumVisualStudioVersion = 10.0.40219.1
Project("{FAE04EC0-301F-11D3-BF4B-00C04F79EFBC}") = "SimpleTrader.Domain", "SimpleTrader.Domain\SimpleTrader.Domain.csproj", "{D0DF9F84-C185-48B7-82B0-BCC2A946B0F8}"
EndProject
Project("{FAE04EC0-301F-11D3-BF4B-00C04F79EFBC}") = "SimpleTrader.EntityFramework", "SimpleTrader.EntityFramework\SimpleTrader.EntityFramework.csproj", "{B4623B5A-9DE2-4111-825D-40798FA84622}"
EndProject
Global
	GlobalSection(SolutionConfigurationPlatforms) = preSolution
		Debug|Any CPU = Debug|Any CPU
		Release|Any CPU = Release|Any CPU
	EndGlobalSection
	GlobalSection(ProjectConfigurationPlatforms) = postSolution
		{D0DF9F84-C185-48B7-82B0-BCC2A946B0F8}.Debug|Any CPU.ActiveCfg = Debug|Any CPU
		{D0DF9F84-C185-48B7-82B0-BCC2A946B0F8}.Debug|Any CPU.Build.0 = Debug|Any CPU
		{D0DF9F84-C185-48B7-82B0-BCC2A946B0F8}.Release|Any CPU.ActiveCfg = Release|Any CPU
		{D0DF9F84-C185-48B7-82B0-BCC2A946B0F8}.Release|Any CPU.Build.0 = Release|Any CPU
		{B4623B5A-9DE2-4111-825D-40798FA84622}.Debug|Any CPU.ActiveCfg = Debug|Any CPU
		{B4623B5A-9DE2-4111-825D-40798FA84622}.Debug|Any CPU.Build.0 = Debug|Any CPU
		{B4623B5A-9DE2-4111-825D-40798FA84622}.Release|Any CPU.ActiveCfg = Release|Any CPU
		{B4623B5A-9DE2-4111-825D-40798FA84622}.Release|Any CPU.Build.0 = Release|Any CPU
	EndGlobalSection
	GlobalSection(SolutionProperties) = preSolution
		HideSolutionNode = FALSE
	EndGlobalSection
	GlobalSection(ExtensibilityGlobals) = postSolution
		SolutionGuid = {BFE5548E-00C7-4F7B-BC0A-49751885DB55}
	EndGlobalSection
EndGlobal
